
Microsoft Visual Studio Solution File, Format Version 12.00
# Visual Studio 15
Project("{FAE04EC0-301F-11D3-BF4B-00C04F79EFBC}") = "URLEncoder", "URLEncoder\URLEncoder.csproj", "{075D54CC-8483-4DAB-B6EC-0B5AC84BC461}"
EndProject
Global
	GlobalSection(SolutionConfigurationPlatforms) = preSolution
		Debug|Any CPU = Debug|Any CPU
		Release|Any CPU = Release|Any CPU
	EndGlobalSection
	GlobalSection(ProjectConfigurationPlatforms) = postSolution
		{075D54CC-8483-4DAB-B6EC-0B5AC84BC461}.Debug|Any CPU.ActiveCfg = Debug|Any CPU
		{075D54CC-8483-4DAB-B6EC-0B5AC84BC461}.Debug|Any CPU.Build.0 = Debug|Any CPU
		{075D54CC-8483-4DAB-B6EC-0B5AC84BC461}.Release|Any CPU.ActiveCfg = Release|Any CPU
		{075D54CC-8483-4DAB-B6EC-0B5AC84BC461}.Release|Any CPU.Build.0 = Release|Any CPU
	EndGlobalSection
EndGlobal
